
Microsoft Visual Studio Solution File, Format Version 12.00
# Visual Studio Version 16
VisualStudioVersion = 16.0.29709.97
MinimumVisualStudioVersion = 10.0.40219.1
Project("{9A19103F-16F7-4668-BE54-9A1E7A4F7556}") = "Sistem.Core", "Sistem.Core\Sistem.Core.csproj", "{2B087CDE-16B8-43B7-BC6F-214218116320}"
EndProject
Project("{9A19103F-16F7-4668-BE54-9A1E7A4F7556}") = "Sistem.CommandLine", "Sistem.CommandLine\Sistem.CommandLine.csproj", "{69AB1731-9DE1-4AB9-9E9B-346273875572}"
EndProject
Project("{FAE04EC0-301F-11D3-BF4B-00C04F79EFBC}") = "Sistem", "Sistem\Sistem.csproj", "{DD89F476-CA88-44FE-B2C7-CEB243909D0A}"
EndProject
Project("{2150E333-8FDC-42A3-9474-1A3956D46DE8}") = "Solution Items", "Solution Items", "{024A4E40-09CE-4DA7-B3CF-0970E8589ED7}"
	ProjectSection(SolutionItems) = preProject
		.editorconfig = .editorconfig
	EndProjectSection
EndProject
Project("{FAE04EC0-301F-11D3-BF4B-00C04F79EFBC}") = "Sistem2", "Sistem2\Sistem2.csproj", "{B4468087-E02E-4481-8823-07D74D524F33}"
EndProject
Global
	GlobalSection(SolutionConfigurationPlatforms) = preSolution
		Debug|Any CPU = Debug|Any CPU
		Debug|x64 = Debug|x64
		Release|Any CPU = Release|Any CPU
		Release|x64 = Release|x64
	EndGlobalSection
	GlobalSection(ProjectConfigurationPlatforms) = postSolution
		{2B087CDE-16B8-43B7-BC6F-214218116320}.Debug|Any CPU.ActiveCfg = Debug|x64
		{2B087CDE-16B8-43B7-BC6F-214218116320}.Debug|x64.ActiveCfg = Debug|x64
		{2B087CDE-16B8-43B7-BC6F-214218116320}.Debug|x64.Build.0 = Debug|x64
		{2B087CDE-16B8-43B7-BC6F-214218116320}.Release|Any CPU.ActiveCfg = Release|x64
		{2B087CDE-16B8-43B7-BC6F-214218116320}.Release|x64.ActiveCfg = Release|x64
		{2B087CDE-16B8-43B7-BC6F-214218116320}.Release|x64.Build.0 = Release|x64
		{69AB1731-9DE1-4AB9-9E9B-346273875572}.Debug|Any CPU.ActiveCfg = Debug|x64
		{69AB1731-9DE1-4AB9-9E9B-346273875572}.Debug|x64.ActiveCfg = Debug|x64
		{69AB1731-9DE1-4AB9-9E9B-346273875572}.Debug|x64.Build.0 = Debug|x64
		{69AB1731-9DE1-4AB9-9E9B-346273875572}.Release|Any CPU.ActiveCfg = Release|x64
		{69AB1731-9DE1-4AB9-9E9B-346273875572}.Release|x64.ActiveCfg = Release|x64
		{69AB1731-9DE1-4AB9-9E9B-346273875572}.Release|x64.Build.0 = Release|x64
		{DD89F476-CA88-44FE-B2C7-CEB243909D0A}.Debug|Any CPU.ActiveCfg = Debug|Any CPU
		{DD89F476-CA88-44FE-B2C7-CEB243909D0A}.Debug|Any CPU.Build.0 = Debug|Any CPU
		{DD89F476-CA88-44FE-B2C7-CEB243909D0A}.Debug|x64.ActiveCfg = Debug|x64
		{DD89F476-CA88-44FE-B2C7-CEB243909D0A}.Debug|x64.Build.0 = Debug|x64
		{DD89F476-CA88-44FE-B2C7-CEB243909D0A}.Release|Any CPU.ActiveCfg = Release|Any CPU
		{DD89F476-CA88-44FE-B2C7-CEB243909D0A}.Release|Any CPU.Build.0 = Release|Any CPU
		{DD89F476-CA88-44FE-B2C7-CEB243909D0A}.Release|x64.ActiveCfg = Release|x64
		{DD89F476-CA88-44FE-B2C7-CEB243909D0A}.Release|x64.Build.0 = Release|x64
		{B4468087-E02E-4481-8823-07D74D524F33}.Debug|Any CPU.ActiveCfg = Debug|Any CPU
		{B4468087-E02E-4481-8823-07D74D524F33}.Debug|Any CPU.Build.0 = Debug|Any CPU
		{B4468087-E02E-4481-8823-07D74D524F33}.Debug|x64.ActiveCfg = Debug|Any CPU
		{B4468087-E02E-4481-8823-07D74D524F33}.Debug|x64.Build.0 = Debug|Any CPU
		{B4468087-E02E-4481-8823-07D74D524F33}.Release|Any CPU.ActiveCfg = Release|Any CPU
		{B4468087-E02E-4481-8823-07D74D524F33}.Release|Any CPU.Build.0 = Release|Any CPU
		{B4468087-E02E-4481-8823-07D74D524F33}.Release|x64.ActiveCfg = Release|Any CPU
		{B4468087-E02E-4481-8823-07D74D524F33}.Release|x64.Build.0 = Release|Any CPU
	EndGlobalSection
	GlobalSection(SolutionProperties) = preSolution
		HideSolutionNode = FALSE
	EndGlobalSection
	GlobalSection(ExtensibilityGlobals) = postSolution
		SolutionGuid = {3385399A-18BD-4262-93ED-EB0198B5A458}
	EndGlobalSection
EndGlobal
